
Microsoft Visual Studio Solution File, Format Version 12.00
# Visual Studio Version 16
VisualStudioVersion = 16.0.31702.278
MinimumVisualStudioVersion = 10.0.40219.1
Project("{FAE04EC0-301F-11D3-BF4B-00C04F79EFBC}") = "WpfLab2", "WpfLab2\WpfLab2.csproj", "{0F0793AD-A4D3-4ED8-9D32-FE08B1531AF9}"
EndProject
Global
	GlobalSection(SolutionConfigurationPlatforms) = preSolution
		Debug|Any CPU = Debug|Any CPU
		Release|Any CPU = Release|Any CPU
	EndGlobalSection
	GlobalSection(ProjectConfigurationPlatforms) = postSolution
		{0F0793AD-A4D3-4ED8-9D32-FE08B1531AF9}.Debug|Any CPU.ActiveCfg = Debug|Any CPU
		{0F0793AD-A4D3-4ED8-9D32-FE08B1531AF9}.Debug|Any CPU.Build.0 = Debug|Any CPU
		{0F0793AD-A4D3-4ED8-9D32-FE08B1531AF9}.Release|Any CPU.ActiveCfg = Release|Any CPU
		{0F0793AD-A4D3-4ED8-9D32-FE08B1531AF9}.Release|Any CPU.Build.0 = Release|Any CPU
	EndGlobalSection
	GlobalSection(SolutionProperties) = preSolution
		HideSolutionNode = FALSE
	EndGlobalSection
	GlobalSection(ExtensibilityGlobals) = postSolution
		SolutionGuid = {DC723B12-5338-44E6-8E9F-D184D4DE9829}
	EndGlobalSection
EndGlobal
